
Microsoft Visual Studio Solution File, Format Version 12.00
# Visual Studio 15
VisualStudioVersion = 15.0.28307.539
MinimumVisualStudioVersion = 10.0.40219.1
Project("{FAE04EC0-301F-11D3-BF4B-00C04F79EFBC}") = "01.PointOnRectangleBorder", "01.PointOnRectangleBorder\01.PointOnRectangleBorder.csproj", "{9F0CC272-C394-41ED-8445-E5800218BA30}"
EndProject
Project("{FAE04EC0-301F-11D3-BF4B-00C04F79EFBC}") = "02.Cinema", "02.Cinema\02.Cinema.csproj", "{827CBEE1-62B0-4805-9015-F06C7CFD8581}"
EndProject
Project("{FAE04EC0-301F-11D3-BF4B-00C04F79EFBC}") = "03.SummerOutfit", "03.SummerOutfit\03.SummerOutfit.csproj", "{D325008A-4D1A-4588-9C11-755D3F5E8EF5}"
EndProject
Project("{FAE04EC0-301F-11D3-BF4B-00C04F79EFBC}") = "04.NewHouse", "04.NewHouse\04.NewHouse.csproj", "{0DFA0DB5-A578-433D-B16D-CDBB3055FA1A}"
EndProject
Project("{FAE04EC0-301F-11D3-BF4B-00C04F79EFBC}") = "05.FishingBoat", "05.FishingBoat\05.FishingBoat.csproj", "{0D573E5E-8615-40EA-9E3D-7C11367D56BD}"
EndProject
Project("{FAE04EC0-301F-11D3-BF4B-00C04F79EFBC}") = "06.Journey", "06.Journey\06.Journey.csproj", "{EB519502-BA0D-44C4-BD0E-24EFED5E0FD4}"
EndProject
Project("{FAE04EC0-301F-11D3-BF4B-00C04F79EFBC}") = "07.OperationsBetweenNumbers", "07.OperationsBetweenNumbers\07.OperationsBetweenNumbers.csproj", "{64D3764B-C80B-45C1-98EE-050F36BCA97E}"
EndProject
Project("{FAE04EC0-301F-11D3-BF4B-00C04F79EFBC}") = "08.HotelRoom", "08.HotelRoom\08.HotelRoom.csproj", "{D4092447-9EF5-470A-90D6-0A41E43CDB4B}"
EndProject
Project("{FAE04EC0-301F-11D3-BF4B-00C04F79EFBC}") = "09.OnTimeForTheExam", "09.OnTimeForTheExam\09.OnTimeForTheExam.csproj", "{8BE06ECB-0DBF-49D7-A8CA-85D9AEADCE29}"
EndProject
Project("{FAE04EC0-301F-11D3-BF4B-00C04F79EFBC}") = "10.Volleyball", "10.Volleyball\10.Volleyball.csproj", "{BAD09281-DF0E-4612-9FBB-F81389A9E511}"
EndProject
Global
	GlobalSection(SolutionConfigurationPlatforms) = preSolution
		Debug|Any CPU = Debug|Any CPU
		Release|Any CPU = Release|Any CPU
	EndGlobalSection
	GlobalSection(ProjectConfigurationPlatforms) = postSolution
		{9F0CC272-C394-41ED-8445-E5800218BA30}.Debug|Any CPU.ActiveCfg = Debug|Any CPU
		{9F0CC272-C394-41ED-8445-E5800218BA30}.Debug|Any CPU.Build.0 = Debug|Any CPU
		{9F0CC272-C394-41ED-8445-E5800218BA30}.Release|Any CPU.ActiveCfg = Release|Any CPU
		{9F0CC272-C394-41ED-8445-E5800218BA30}.Release|Any CPU.Build.0 = Release|Any CPU
		{827CBEE1-62B0-4805-9015-F06C7CFD8581}.Debug|Any CPU.ActiveCfg = Debug|Any CPU
		{827CBEE1-62B0-4805-9015-F06C7CFD8581}.Debug|Any CPU.Build.0 = Debug|Any CPU
		{827CBEE1-62B0-4805-9015-F06C7CFD8581}.Release|Any CPU.ActiveCfg = Release|Any CPU
		{827CBEE1-62B0-4805-9015-F06C7CFD8581}.Release|Any CPU.Build.0 = Release|Any CPU
		{D325008A-4D1A-4588-9C11-755D3F5E8EF5}.Debug|Any CPU.ActiveCfg = Debug|Any CPU
		{D325008A-4D1A-4588-9C11-755D3F5E8EF5}.Debug|Any CPU.Build.0 = Debug|Any CPU
		{D325008A-4D1A-4588-9C11-755D3F5E8EF5}.Release|Any CPU.ActiveCfg = Release|Any CPU
		{D325008A-4D1A-4588-9C11-755D3F5E8EF5}.Release|Any CPU.Build.0 = Release|Any CPU
		{0DFA0DB5-A578-433D-B16D-CDBB3055FA1A}.Debug|Any CPU.ActiveCfg = Debug|Any CPU
		{0DFA0DB5-A578-433D-B16D-CDBB3055FA1A}.Debug|Any CPU.Build.0 = Debug|Any CPU
		{0DFA0DB5-A578-433D-B16D-CDBB3055FA1A}.Release|Any CPU.ActiveCfg = Release|Any CPU
		{0DFA0DB5-A578-433D-B16D-CDBB3055FA1A}.Release|Any CPU.Build.0 = Release|Any CPU
		{0D573E5E-8615-40EA-9E3D-7C11367D56BD}.Debug|Any CPU.ActiveCfg = Debug|Any CPU
		{0D573E5E-8615-40EA-9E3D-7C11367D56BD}.Debug|Any CPU.Build.0 = Debug|Any CPU
		{0D573E5E-8615-40EA-9E3D-7C11367D56BD}.Release|Any CPU.ActiveCfg = Release|Any CPU
		{0D573E5E-8615-40EA-9E3D-7C11367D56BD}.Release|Any CPU.Build.0 = Release|Any CPU
		{EB519502-BA0D-44C4-BD0E-24EFED5E0FD4}.Debug|Any CPU.ActiveCfg = Debug|Any CPU
		{EB519502-BA0D-44C4-BD0E-24EFED5E0FD4}.Debug|Any CPU.Build.0 = Debug|Any CPU
		{EB519502-BA0D-44C4-BD0E-24EFED5E0FD4}.Release|Any CPU.ActiveCfg = Release|Any CPU
		{EB519502-BA0D-44C4-BD0E-24EFED5E0FD4}.Release|Any CPU.Build.0 = Release|Any CPU
		{64D3764B-C80B-45C1-98EE-050F36BCA97E}.Debug|Any CPU.ActiveCfg = Debug|Any CPU
		{64D3764B-C80B-45C1-98EE-050F36BCA97E}.Debug|Any CPU.Build.0 = Debug|Any CPU
		{64D3764B-C80B-45C1-98EE-050F36BCA97E}.Release|Any CPU.ActiveCfg = Release|Any CPU
		{64D3764B-C80B-45C1-98EE-050F36BCA97E}.Release|Any CPU.Build.0 = Release|Any CPU
		{D4092447-9EF5-470A-90D6-0A41E43CDB4B}.Debug|Any CPU.ActiveCfg = Debug|Any CPU
		{D4092447-9EF5-470A-90D6-0A41E43CDB4B}.Debug|Any CPU.Build.0 = Debug|Any CPU
		{D4092447-9EF5-470A-90D6-0A41E43CDB4B}.Release|Any CPU.ActiveCfg = Release|Any CPU
		{D4092447-9EF5-470A-90D6-0A41E43CDB4B}.Release|Any CPU.Build.0 = Release|Any CPU
		{8BE06ECB-0DBF-49D7-A8CA-85D9AEADCE29}.Debug|Any CPU.ActiveCfg = Debug|Any CPU
		{8BE06ECB-0DBF-49D7-A8CA-85D9AEADCE29}.Debug|Any CPU.Build.0 = Debug|Any CPU
		{8BE06ECB-0DBF-49D7-A8CA-85D9AEADCE29}.Release|Any CPU.ActiveCfg = Release|Any CPU
		{8BE06ECB-0DBF-49D7-A8CA-85D9AEADCE29}.Release|Any CPU.Build.0 = Release|Any CPU
		{BAD09281-DF0E-4612-9FBB-F81389A9E511}.Debug|Any CPU.ActiveCfg = Debug|Any CPU
		{BAD09281-DF0E-4612-9FBB-F81389A9E511}.Debug|Any CPU.Build.0 = Debug|Any CPU
		{BAD09281-DF0E-4612-9FBB-F81389A9E511}.Release|Any CPU.ActiveCfg = Release|Any CPU
		{BAD09281-DF0E-4612-9FBB-F81389A9E511}.Release|Any CPU.Build.0 = Release|Any CPU
	EndGlobalSection
	GlobalSection(SolutionProperties) = preSolution
		HideSolutionNode = FALSE
	EndGlobalSection
	GlobalSection(ExtensibilityGlobals) = postSolution
		SolutionGuid = {2B7008AF-1440-41E2-955C-C277AE1B6BF4}
	EndGlobalSection
EndGlobal
