
Microsoft Visual Studio Solution File, Format Version 12.00
# Visual Studio 15
VisualStudioVersion = 15.0.28307.539
MinimumVisualStudioVersion = 10.0.40219.1
Project("{9A19103F-16F7-4668-BE54-9A1E7A4F7556}") = "01.HelloSoftUni", "01.HelloSoftUni\01.HelloSoftUni.csproj", "{89AE766D-6B7F-45AE-8339-2D6F78E2A6EC}"
EndProject
Project("{FAE04EC0-301F-11D3-BF4B-00C04F79EFBC}") = "02.Expression", "02.Expression\02.Expression.csproj", "{86B40B12-1B6B-480E-A7F4-F7F27A400D1D}"
EndProject
Global
	GlobalSection(SolutionConfigurationPlatforms) = preSolution
		Debug|Any CPU = Debug|Any CPU
		Release|Any CPU = Release|Any CPU
	EndGlobalSection
	GlobalSection(ProjectConfigurationPlatforms) = postSolution
		{89AE766D-6B7F-45AE-8339-2D6F78E2A6EC}.Debug|Any CPU.ActiveCfg = Debug|Any CPU
		{89AE766D-6B7F-45AE-8339-2D6F78E2A6EC}.Debug|Any CPU.Build.0 = Debug|Any CPU
		{89AE766D-6B7F-45AE-8339-2D6F78E2A6EC}.Release|Any CPU.ActiveCfg = Release|Any CPU
		{89AE766D-6B7F-45AE-8339-2D6F78E2A6EC}.Release|Any CPU.Build.0 = Release|Any CPU
	EndGlobalSection
	GlobalSection(ProjectConfigurationPlatforms) = postSolution
		{86B40B12-1B6B-480E-A7F4-F7F27A400D1D}.Debug|Any CPU.ActiveCfg = Debug|Any CPU
		{86B40B12-1B6B-480E-A7F4-F7F27A400D1D}.Debug|Any CPU.Build.0 = Debug|Any CPU
		{86B40B12-1B6B-480E-A7F4-F7F27A400D1D}.Release|Any CPU.ActiveCfg = Release|Any CPU
		{86B40B12-1B6B-480E-A7F4-F7F27A400D1D}.Release|Any CPU.Build.0 = Release|Any CPU
	EndGlobalSection
	GlobalSection(SolutionProperties) = preSolution
		HideSolutionNode = FALSE
	EndGlobalSection
	GlobalSection(ExtensibilityGlobals) = postSolution
		SolutionGuid = {7D0554D9-B41D-4798-806F-E4F685F31DFB}
	EndGlobalSection
EndGlobal
