
Microsoft Visual Studio Solution File, Format Version 12.00
# Visual Studio 15
VisualStudioVersion = 15.0.28307.539
MinimumVisualStudioVersion = 10.0.40219.1
Project("{FAE04EC0-301F-11D3-BF4B-00C04F79EFBC}") = "06.NumberFrom100To200", "06.NumberFrom100To200\06.NumberFrom100To200.csproj", "{900F31C2-82C5-4B35-8C07-F09935160A4A}"
EndProject
Global
	GlobalSection(SolutionConfigurationPlatforms) = preSolution
		Debug|Any CPU = Debug|Any CPU
		Release|Any CPU = Release|Any CPU
	EndGlobalSection
	GlobalSection(ProjectConfigurationPlatforms) = postSolution
		{900F31C2-82C5-4B35-8C07-F09935160A4A}.Debug|Any CPU.ActiveCfg = Debug|Any CPU
		{900F31C2-82C5-4B35-8C07-F09935160A4A}.Debug|Any CPU.Build.0 = Debug|Any CPU
		{900F31C2-82C5-4B35-8C07-F09935160A4A}.Release|Any CPU.ActiveCfg = Release|Any CPU
		{900F31C2-82C5-4B35-8C07-F09935160A4A}.Release|Any CPU.Build.0 = Release|Any CPU
	EndGlobalSection
	GlobalSection(SolutionProperties) = preSolution
		HideSolutionNode = FALSE
	EndGlobalSection
	GlobalSection(ExtensibilityGlobals) = postSolution
		SolutionGuid = {BE5337C9-8DF0-4D96-B0CA-99B397CD836D}
	EndGlobalSection
EndGlobal
