
Microsoft Visual Studio Solution File, Format Version 12.00
# Visual Studio 15
VisualStudioVersion = 15.0.28307.539
MinimumVisualStudioVersion = 10.0.40219.1
Project("{FAE04EC0-301F-11D3-BF4B-00C04F79EFBC}") = "08.SameWords", "08.SameWords\08.SameWords.csproj", "{9CC7FA63-71F0-45D9-9C2E-49D82769DDA3}"
EndProject
Global
	GlobalSection(SolutionConfigurationPlatforms) = preSolution
		Debug|Any CPU = Debug|Any CPU
		Release|Any CPU = Release|Any CPU
	EndGlobalSection
	GlobalSection(ProjectConfigurationPlatforms) = postSolution
		{9CC7FA63-71F0-45D9-9C2E-49D82769DDA3}.Debug|Any CPU.ActiveCfg = Debug|Any CPU
		{9CC7FA63-71F0-45D9-9C2E-49D82769DDA3}.Debug|Any CPU.Build.0 = Debug|Any CPU
		{9CC7FA63-71F0-45D9-9C2E-49D82769DDA3}.Release|Any CPU.ActiveCfg = Release|Any CPU
		{9CC7FA63-71F0-45D9-9C2E-49D82769DDA3}.Release|Any CPU.Build.0 = Release|Any CPU
	EndGlobalSection
	GlobalSection(SolutionProperties) = preSolution
		HideSolutionNode = FALSE
	EndGlobalSection
	GlobalSection(ExtensibilityGlobals) = postSolution
		SolutionGuid = {BE5337C9-8DF0-4D96-B0CA-99B397CD836D}
	EndGlobalSection
EndGlobal
