
Microsoft Visual Studio Solution File, Format Version 12.00
# Visual Studio 15
VisualStudioVersion = 15.0.28307.539
MinimumVisualStudioVersion = 10.0.40219.1
Project("{FAE04EC0-301F-11D3-BF4B-00C04F79EFBC}") = "01.Excellent", "01.Excellent\01.Excellent.csproj", "{2DC574B8-AC6B-453B-97B4-A5DD834D496C}"
EndProject
Global
	GlobalSection(SolutionConfigurationPlatforms) = preSolution
		Debug|Any CPU = Debug|Any CPU
		Release|Any CPU = Release|Any CPU
	EndGlobalSection
	GlobalSection(ProjectConfigurationPlatforms) = postSolution
		{2DC574B8-AC6B-453B-97B4-A5DD834D496C}.Debug|Any CPU.ActiveCfg = Debug|Any CPU
		{2DC574B8-AC6B-453B-97B4-A5DD834D496C}.Debug|Any CPU.Build.0 = Debug|Any CPU
		{2DC574B8-AC6B-453B-97B4-A5DD834D496C}.Release|Any CPU.ActiveCfg = Release|Any CPU
		{2DC574B8-AC6B-453B-97B4-A5DD834D496C}.Release|Any CPU.Build.0 = Release|Any CPU
	EndGlobalSection
	GlobalSection(SolutionProperties) = preSolution
		HideSolutionNode = FALSE
	EndGlobalSection
	GlobalSection(ExtensibilityGlobals) = postSolution
		SolutionGuid = {BE5337C9-8DF0-4D96-B0CA-99B397CD836D}
	EndGlobalSection
EndGlobal
