
Microsoft Visual Studio Solution File, Format Version 12.00
# Visual Studio 15
VisualStudioVersion = 15.0.28307.539
MinimumVisualStudioVersion = 10.0.40219.1
Project("{FAE04EC0-301F-11D3-BF4B-00C04F79EFBC}") = "07.AlcoholExchange", "07.AlcoholExchange\07.AlcoholExchange.csproj", "{60378A32-D4A5-4993-91D1-03EB4ECE0C7E}"
EndProject
Global
	GlobalSection(SolutionConfigurationPlatforms) = preSolution
		Debug|Any CPU = Debug|Any CPU
		Release|Any CPU = Release|Any CPU
	EndGlobalSection
	GlobalSection(ProjectConfigurationPlatforms) = postSolution
		{60378A32-D4A5-4993-91D1-03EB4ECE0C7E}.Debug|Any CPU.ActiveCfg = Debug|Any CPU
		{60378A32-D4A5-4993-91D1-03EB4ECE0C7E}.Debug|Any CPU.Build.0 = Debug|Any CPU
		{60378A32-D4A5-4993-91D1-03EB4ECE0C7E}.Release|Any CPU.ActiveCfg = Release|Any CPU
		{60378A32-D4A5-4993-91D1-03EB4ECE0C7E}.Release|Any CPU.Build.0 = Release|Any CPU
	EndGlobalSection
	GlobalSection(SolutionProperties) = preSolution
		HideSolutionNode = FALSE
	EndGlobalSection
	GlobalSection(ExtensibilityGlobals) = postSolution
		SolutionGuid = {94CE1CD4-2EB2-4AB5-8B96-066F9CC7DE4D}
	EndGlobalSection
EndGlobal
