
Microsoft Visual Studio Solution File, Format Version 12.00
# Visual Studio 15
VisualStudioVersion = 15.0.28307.539
MinimumVisualStudioVersion = 10.0.40219.1
Project("{FAE04EC0-301F-11D3-BF4B-00C04F79EFBC}") = "03.FaceOfRectangleInThePlane", "03.FaceOfRectangleInThePlane\03.FaceOfRectangleInThePlane.csproj", "{34EFA116-74FC-4495-AC7B-457C3150FECB}"
EndProject
Global
	GlobalSection(SolutionConfigurationPlatforms) = preSolution
		Debug|Any CPU = Debug|Any CPU
		Release|Any CPU = Release|Any CPU
	EndGlobalSection
	GlobalSection(ProjectConfigurationPlatforms) = postSolution
		{34EFA116-74FC-4495-AC7B-457C3150FECB}.Debug|Any CPU.ActiveCfg = Debug|Any CPU
		{34EFA116-74FC-4495-AC7B-457C3150FECB}.Debug|Any CPU.Build.0 = Debug|Any CPU
		{34EFA116-74FC-4495-AC7B-457C3150FECB}.Release|Any CPU.ActiveCfg = Release|Any CPU
		{34EFA116-74FC-4495-AC7B-457C3150FECB}.Release|Any CPU.Build.0 = Release|Any CPU
	EndGlobalSection
	GlobalSection(SolutionProperties) = preSolution
		HideSolutionNode = FALSE
	EndGlobalSection
	GlobalSection(ExtensibilityGlobals) = postSolution
		SolutionGuid = {94CE1CD4-2EB2-4AB5-8B96-066F9CC7DE4D}
	EndGlobalSection
EndGlobal
