
Microsoft Visual Studio Solution File, Format Version 12.00
# Visual Studio 15
VisualStudioVersion = 15.0.28307.539
MinimumVisualStudioVersion = 10.0.40219.1
Project("{FAE04EC0-301F-11D3-BF4B-00C04F79EFBC}") = "01.Greeting", "01.Greeting\01.Greeting.csproj", "{D57C9E32-75BE-4A2B-A5CD-6784F9FA96EE}"
EndProject
Global
	GlobalSection(SolutionConfigurationPlatforms) = preSolution
		Debug|Any CPU = Debug|Any CPU
		Release|Any CPU = Release|Any CPU
	EndGlobalSection
	GlobalSection(ProjectConfigurationPlatforms) = postSolution
		{D57C9E32-75BE-4A2B-A5CD-6784F9FA96EE}.Debug|Any CPU.ActiveCfg = Debug|Any CPU
		{D57C9E32-75BE-4A2B-A5CD-6784F9FA96EE}.Debug|Any CPU.Build.0 = Debug|Any CPU
		{D57C9E32-75BE-4A2B-A5CD-6784F9FA96EE}.Release|Any CPU.ActiveCfg = Release|Any CPU
		{D57C9E32-75BE-4A2B-A5CD-6784F9FA96EE}.Release|Any CPU.Build.0 = Release|Any CPU
	EndGlobalSection
	GlobalSection(SolutionProperties) = preSolution
		HideSolutionNode = FALSE
	EndGlobalSection
	GlobalSection(ExtensibilityGlobals) = postSolution
		SolutionGuid = {80B88186-8944-4D36-9D07-203AC7DBC95E}
	EndGlobalSection
EndGlobal
