
Microsoft Visual Studio Solution File, Format Version 12.00
# Visual Studio Version 16
VisualStudioVersion = 16.0.28803.352
MinimumVisualStudioVersion = 10.0.40219.1
Project("{FAE04EC0-301F-11D3-BF4B-00C04F79EFBC}") = "01.StadiumIncome", "01.StadiumIncome\01.StadiumIncome.csproj", "{D34EBDEF-6E55-4B58-9879-A79814AFA5CD}"
EndProject
Project("{FAE04EC0-301F-11D3-BF4B-00C04F79EFBC}") = "02.TripToWorldCup", "02.TripToWorldCup\02.TripToWorldCup.csproj", "{6A6C7BC1-0FA2-4445-B674-9C444EB0EA25}"
EndProject
Project("{FAE04EC0-301F-11D3-BF4B-00C04F79EFBC}") = "03.BeerAndChips", "03.BeerAndChips\03.BeerAndChips.csproj", "{73F3434C-00BF-4A8A-ABC6-ED4672D2D760}"
EndProject
Project("{FAE04EC0-301F-11D3-BF4B-00C04F79EFBC}") = "04.FootballKit", "04.FootballKit\04.FootballKit.csproj", "{EEC1C980-2C76-410A-9404-EF5C2C0C2BF2}"
EndProject
Project("{FAE04EC0-301F-11D3-BF4B-00C04F79EFBC}") = "05.GameStatistics", "05.GameStatistics\05.GameStatistics.csproj", "{9F3894E0-4738-451D-9A8F-B8F5913253F0}"
EndProject
Project("{FAE04EC0-301F-11D3-BF4B-00C04F79EFBC}") = "06.FootballSouvenirs", "06.FootballSouvenirs\06.FootballSouvenirs.csproj", "{3767608F-E777-488E-8B08-143498EF11A6}"
EndProject
Project("{FAE04EC0-301F-11D3-BF4B-00C04F79EFBC}") = "07.BestPlayer", "07.BestPlayer\07.BestPlayer.csproj", "{3AE20BB9-F1F8-4F8D-A3DE-C01FB9CE5DE3}"
EndProject
Project("{FAE04EC0-301F-11D3-BF4B-00C04F79EFBC}") = "08.GroupStage", "08.GroupStage\08.GroupStage.csproj", "{AC82CD3E-4037-4F2A-88D6-2312FF39F00A}"
EndProject
Project("{FAE04EC0-301F-11D3-BF4B-00C04F79EFBC}") = "09.FanShop", "09.FanShop\09.FanShop.csproj", "{DAAFE4B8-CDB3-4C30-9B62-EE2F44FA2DA8}"
EndProject
Project("{FAE04EC0-301F-11D3-BF4B-00C04F79EFBC}") = "10.GameInfo", "10.GameInfo\10.GameInfo.csproj", "{0EE16DF7-0ECB-4994-8330-28F039E07216}"
EndProject
Project("{FAE04EC0-301F-11D3-BF4B-00C04F79EFBC}") = "11.Substitute", "11.Substitute\11.Substitute.csproj", "{38453AED-99AA-417D-A028-1BF1BA9A67AF}"
EndProject
Project("{FAE04EC0-301F-11D3-BF4B-00C04F79EFBC}") = "12.TicketCombination", "12.TicketCombination\12.TicketCombination.csproj", "{ECBA49DF-3A7A-4133-A8FC-F26EFE504869}"
EndProject
Global
	GlobalSection(SolutionConfigurationPlatforms) = preSolution
		Debug|Any CPU = Debug|Any CPU
		Release|Any CPU = Release|Any CPU
	EndGlobalSection
	GlobalSection(ProjectConfigurationPlatforms) = postSolution
		{D34EBDEF-6E55-4B58-9879-A79814AFA5CD}.Debug|Any CPU.ActiveCfg = Debug|Any CPU
		{D34EBDEF-6E55-4B58-9879-A79814AFA5CD}.Debug|Any CPU.Build.0 = Debug|Any CPU
		{D34EBDEF-6E55-4B58-9879-A79814AFA5CD}.Release|Any CPU.ActiveCfg = Release|Any CPU
		{D34EBDEF-6E55-4B58-9879-A79814AFA5CD}.Release|Any CPU.Build.0 = Release|Any CPU
		{6A6C7BC1-0FA2-4445-B674-9C444EB0EA25}.Debug|Any CPU.ActiveCfg = Debug|Any CPU
		{6A6C7BC1-0FA2-4445-B674-9C444EB0EA25}.Debug|Any CPU.Build.0 = Debug|Any CPU
		{6A6C7BC1-0FA2-4445-B674-9C444EB0EA25}.Release|Any CPU.ActiveCfg = Release|Any CPU
		{6A6C7BC1-0FA2-4445-B674-9C444EB0EA25}.Release|Any CPU.Build.0 = Release|Any CPU
		{73F3434C-00BF-4A8A-ABC6-ED4672D2D760}.Debug|Any CPU.ActiveCfg = Debug|Any CPU
		{73F3434C-00BF-4A8A-ABC6-ED4672D2D760}.Debug|Any CPU.Build.0 = Debug|Any CPU
		{73F3434C-00BF-4A8A-ABC6-ED4672D2D760}.Release|Any CPU.ActiveCfg = Release|Any CPU
		{73F3434C-00BF-4A8A-ABC6-ED4672D2D760}.Release|Any CPU.Build.0 = Release|Any CPU
		{EEC1C980-2C76-410A-9404-EF5C2C0C2BF2}.Debug|Any CPU.ActiveCfg = Debug|Any CPU
		{EEC1C980-2C76-410A-9404-EF5C2C0C2BF2}.Debug|Any CPU.Build.0 = Debug|Any CPU
		{EEC1C980-2C76-410A-9404-EF5C2C0C2BF2}.Release|Any CPU.ActiveCfg = Release|Any CPU
		{EEC1C980-2C76-410A-9404-EF5C2C0C2BF2}.Release|Any CPU.Build.0 = Release|Any CPU
		{9F3894E0-4738-451D-9A8F-B8F5913253F0}.Debug|Any CPU.ActiveCfg = Debug|Any CPU
		{9F3894E0-4738-451D-9A8F-B8F5913253F0}.Debug|Any CPU.Build.0 = Debug|Any CPU
		{9F3894E0-4738-451D-9A8F-B8F5913253F0}.Release|Any CPU.ActiveCfg = Release|Any CPU
		{9F3894E0-4738-451D-9A8F-B8F5913253F0}.Release|Any CPU.Build.0 = Release|Any CPU
		{3767608F-E777-488E-8B08-143498EF11A6}.Debug|Any CPU.ActiveCfg = Debug|Any CPU
		{3767608F-E777-488E-8B08-143498EF11A6}.Debug|Any CPU.Build.0 = Debug|Any CPU
		{3767608F-E777-488E-8B08-143498EF11A6}.Release|Any CPU.ActiveCfg = Release|Any CPU
		{3767608F-E777-488E-8B08-143498EF11A6}.Release|Any CPU.Build.0 = Release|Any CPU
		{3AE20BB9-F1F8-4F8D-A3DE-C01FB9CE5DE3}.Debug|Any CPU.ActiveCfg = Debug|Any CPU
		{3AE20BB9-F1F8-4F8D-A3DE-C01FB9CE5DE3}.Debug|Any CPU.Build.0 = Debug|Any CPU
		{3AE20BB9-F1F8-4F8D-A3DE-C01FB9CE5DE3}.Release|Any CPU.ActiveCfg = Release|Any CPU
		{3AE20BB9-F1F8-4F8D-A3DE-C01FB9CE5DE3}.Release|Any CPU.Build.0 = Release|Any CPU
		{AC82CD3E-4037-4F2A-88D6-2312FF39F00A}.Debug|Any CPU.ActiveCfg = Debug|Any CPU
		{AC82CD3E-4037-4F2A-88D6-2312FF39F00A}.Debug|Any CPU.Build.0 = Debug|Any CPU
		{AC82CD3E-4037-4F2A-88D6-2312FF39F00A}.Release|Any CPU.ActiveCfg = Release|Any CPU
		{AC82CD3E-4037-4F2A-88D6-2312FF39F00A}.Release|Any CPU.Build.0 = Release|Any CPU
		{DAAFE4B8-CDB3-4C30-9B62-EE2F44FA2DA8}.Debug|Any CPU.ActiveCfg = Debug|Any CPU
		{DAAFE4B8-CDB3-4C30-9B62-EE2F44FA2DA8}.Debug|Any CPU.Build.0 = Debug|Any CPU
		{DAAFE4B8-CDB3-4C30-9B62-EE2F44FA2DA8}.Release|Any CPU.ActiveCfg = Release|Any CPU
		{DAAFE4B8-CDB3-4C30-9B62-EE2F44FA2DA8}.Release|Any CPU.Build.0 = Release|Any CPU
		{0EE16DF7-0ECB-4994-8330-28F039E07216}.Debug|Any CPU.ActiveCfg = Debug|Any CPU
		{0EE16DF7-0ECB-4994-8330-28F039E07216}.Debug|Any CPU.Build.0 = Debug|Any CPU
		{0EE16DF7-0ECB-4994-8330-28F039E07216}.Release|Any CPU.ActiveCfg = Release|Any CPU
		{0EE16DF7-0ECB-4994-8330-28F039E07216}.Release|Any CPU.Build.0 = Release|Any CPU
		{38453AED-99AA-417D-A028-1BF1BA9A67AF}.Debug|Any CPU.ActiveCfg = Debug|Any CPU
		{38453AED-99AA-417D-A028-1BF1BA9A67AF}.Debug|Any CPU.Build.0 = Debug|Any CPU
		{38453AED-99AA-417D-A028-1BF1BA9A67AF}.Release|Any CPU.ActiveCfg = Release|Any CPU
		{38453AED-99AA-417D-A028-1BF1BA9A67AF}.Release|Any CPU.Build.0 = Release|Any CPU
		{ECBA49DF-3A7A-4133-A8FC-F26EFE504869}.Debug|Any CPU.ActiveCfg = Debug|Any CPU
		{ECBA49DF-3A7A-4133-A8FC-F26EFE504869}.Debug|Any CPU.Build.0 = Debug|Any CPU
		{ECBA49DF-3A7A-4133-A8FC-F26EFE504869}.Release|Any CPU.ActiveCfg = Release|Any CPU
		{ECBA49DF-3A7A-4133-A8FC-F26EFE504869}.Release|Any CPU.Build.0 = Release|Any CPU
	EndGlobalSection
	GlobalSection(SolutionProperties) = preSolution
		HideSolutionNode = FALSE
	EndGlobalSection
	GlobalSection(ExtensibilityGlobals) = postSolution
		SolutionGuid = {6DD5834F-E552-4242-A5B3-CAB6F5DA6225}
	EndGlobalSection
EndGlobal
